// !$*UTF8*$!
{
	archiveVersion = 1;
	classes = {
	};
	objectVersion = 52;
	objects = {

/* Begin PBXBuildFile section */
		3516A51B2513D30D002C97DA /* ListOfMealIngredients.swift in Sources */ = {isa = PBXBuildFile; fileRef = 3516A51A2513D30D002C97DA /* ListOfMealIngredients.swift */; };
		3516A51C2513D30D002C97DA /* ListOfMealIngredients.swift in Sources */ = {isa = PBXBuildFile; fileRef = 3516A51A2513D30D002C97DA /* ListOfMealIngredients.swift */; };
		3539132525372E7300CDFF6A /* API.swift in Sources */ = {isa = PBXBuildFile; fileRef = 3539132425372E7300CDFF6A /* API.swift */; };
		3539132625372E7300CDFF6A /* API.swift in Sources */ = {isa = PBXBuildFile; fileRef = 3539132425372E7300CDFF6A /* API.swift */; };
		3539132E25372F2200CDFF6A /* schema.json in Resources */ = {isa = PBXBuildFile; fileRef = 3539132D25372F2200CDFF6A /* schema.json */; };
		3539132F25372F2200CDFF6A /* schema.json in Resources */ = {isa = PBXBuildFile; fileRef = 3539132D25372F2200CDFF6A /* schema.json */; };
		355B4B6E25275864007FFE70 /* MealPlannerFavoriteView.swift in Sources */ = {isa = PBXBuildFile; fileRef = 355B4B6D25275864007FFE70 /* MealPlannerFavoriteView.swift */; };
		355B4B6F25275864007FFE70 /* MealPlannerFavoriteView.swift in Sources */ = {isa = PBXBuildFile; fileRef = 355B4B6D25275864007FFE70 /* MealPlannerFavoriteView.swift */; };
		35701D1F25032CEC005AA8C6 /* CloseButton.swift in Sources */ = {isa = PBXBuildFile; fileRef = 35701D1E25032CEC005AA8C6 /* CloseButton.swift */; };
		35701D2025032CEC005AA8C6 /* CloseButton.swift in Sources */ = {isa = PBXBuildFile; fileRef = 35701D1E25032CEC005AA8C6 /* CloseButton.swift */; };
		35701D2825066412005AA8C6 /* LoginView.swift in Sources */ = {isa = PBXBuildFile; fileRef = 35701D2725066412005AA8C6 /* LoginView.swift */; };
		35701D2925066412005AA8C6 /* LoginView.swift in Sources */ = {isa = PBXBuildFile; fileRef = 35701D2725066412005AA8C6 /* LoginView.swift */; };
		35701D2B250664EB005AA8C6 /* UserStore.swift in Sources */ = {isa = PBXBuildFile; fileRef = 35701D2A250664EB005AA8C6 /* UserStore.swift */; };
		35701D2C250664EB005AA8C6 /* UserStore.swift in Sources */ = {isa = PBXBuildFile; fileRef = 35701D2A250664EB005AA8C6 /* UserStore.swift */; };
		35701D2E250666D4005AA8C6 /* Home.swift in Sources */ = {isa = PBXBuildFile; fileRef = 35701D2D250666D4005AA8C6 /* Home.swift */; };
		35701D2F250666D4005AA8C6 /* Home.swift in Sources */ = {isa = PBXBuildFile; fileRef = 35701D2D250666D4005AA8C6 /* Home.swift */; };
		357160C4252E3BB100A5305F /* SearchBar.swift in Sources */ = {isa = PBXBuildFile; fileRef = 357160C3252E3BB100A5305F /* SearchBar.swift */; };
		357160C5252E3BB100A5305F /* SearchBar.swift in Sources */ = {isa = PBXBuildFile; fileRef = 357160C3252E3BB100A5305F /* SearchBar.swift */; };
		3572C204252CA18A00FB9DD2 /* SearchView.swift in Sources */ = {isa = PBXBuildFile; fileRef = 3572C203252CA18A00FB9DD2 /* SearchView.swift */; };
		3572C205252CA18A00FB9DD2 /* SearchView.swift in Sources */ = {isa = PBXBuildFile; fileRef = 3572C203252CA18A00FB9DD2 /* SearchView.swift */; };
		35840CE32528AA7E003D4B81 /* CGSize+Random.swift in Sources */ = {isa = PBXBuildFile; fileRef = 35840CE22528AA7E003D4B81 /* CGSize+Random.swift */; };
		35840CE42528AA7E003D4B81 /* CGSize+Random.swift in Sources */ = {isa = PBXBuildFile; fileRef = 35840CE22528AA7E003D4B81 /* CGSize+Random.swift */; };
		35897EFD24F011A900397A4C /* VegMealApp.swift in Sources */ = {isa = PBXBuildFile; fileRef = 35897EEA24F011A800397A4C /* VegMealApp.swift */; };
		35897EFE24F011A900397A4C /* VegMealApp.swift in Sources */ = {isa = PBXBuildFile; fileRef = 35897EEA24F011A800397A4C /* VegMealApp.swift */; };
		35897EFF24F011A900397A4C /* ContentView.swift in Sources */ = {isa = PBXBuildFile; fileRef = 35897EEB24F011A800397A4C /* ContentView.swift */; };
		35897F0024F011A900397A4C /* ContentView.swift in Sources */ = {isa = PBXBuildFile; fileRef = 35897EEB24F011A800397A4C /* ContentView.swift */; };
		35897F0124F011A900397A4C /* Assets.xcassets in Resources */ = {isa = PBXBuildFile; fileRef = 35897EEC24F011A900397A4C /* Assets.xcassets */; };
		35897F0224F011A900397A4C /* Assets.xcassets in Resources */ = {isa = PBXBuildFile; fileRef = 35897EEC24F011A900397A4C /* Assets.xcassets */; };
		35897F0D24F0125400397A4C /* Apollo in Frameworks */ = {isa = PBXBuildFile; productRef = 35897F0C24F0125400397A4C /* Apollo */; };
		359CD0AE2512AFF200D425F4 /* MealFragmentView.swift in Sources */ = {isa = PBXBuildFile; fileRef = 359CD0AD2512AFF200D425F4 /* MealFragmentView.swift */; };
		359CD0AF2512AFF200D425F4 /* MealFragmentView.swift in Sources */ = {isa = PBXBuildFile; fileRef = 359CD0AD2512AFF200D425F4 /* MealFragmentView.swift */; };
		359CD0B62512B42C00D425F4 /* MealFragment_Extentions.swift in Sources */ = {isa = PBXBuildFile; fileRef = 359CD0B52512B42C00D425F4 /* MealFragment_Extentions.swift */; };
		359CD0B72512B42C00D425F4 /* MealFragment_Extentions.swift in Sources */ = {isa = PBXBuildFile; fileRef = 359CD0B52512B42C00D425F4 /* MealFragment_Extentions.swift */; };
		35A9BD712524BA7E0073941B /* AnimationExtention.swift in Sources */ = {isa = PBXBuildFile; fileRef = 35A9BD702524BA7E0073941B /* AnimationExtention.swift */; };
		35A9BD722524BA7E0073941B /* AnimationExtention.swift in Sources */ = {isa = PBXBuildFile; fileRef = 35A9BD702524BA7E0073941B /* AnimationExtention.swift */; };
		35BA386024F01A1E00489DA1 /* Queries.graphql in Resources */ = {isa = PBXBuildFile; fileRef = 35BA385F24F01A1E00489DA1 /* Queries.graphql */; };
		35BA386124F01A1E00489DA1 /* Queries.graphql in Resources */ = {isa = PBXBuildFile; fileRef = 35BA385F24F01A1E00489DA1 /* Queries.graphql */; };
		35BEEB1125092EE7003EAADD /* MenuView.swift in Sources */ = {isa = PBXBuildFile; fileRef = 35BEEB1025092EE7003EAADD /* MenuView.swift */; };
		35BEEB1225092EE7003EAADD /* MenuView.swift in Sources */ = {isa = PBXBuildFile; fileRef = 35BEEB1025092EE7003EAADD /* MenuView.swift */; };
		35BEEB152509368C003EAADD /* SDWebImageSwiftUI in Frameworks */ = {isa = PBXBuildFile; productRef = 35BEEB142509368C003EAADD /* SDWebImageSwiftUI */; };
		35BEEB1725095253003EAADD /* SingleMealFragmentView.swift in Sources */ = {isa = PBXBuildFile; fileRef = 35BEEB1625095253003EAADD /* SingleMealFragmentView.swift */; };
		35BEEB1825095253003EAADD /* SingleMealFragmentView.swift in Sources */ = {isa = PBXBuildFile; fileRef = 35BEEB1625095253003EAADD /* SingleMealFragmentView.swift */; };
		35BEEB1D250986B1003EAADD /* AddMealView.swift in Sources */ = {isa = PBXBuildFile; fileRef = 35BEEB1C250986B1003EAADD /* AddMealView.swift */; };
		35BEEB1E250986B1003EAADD /* AddMealView.swift in Sources */ = {isa = PBXBuildFile; fileRef = 35BEEB1C250986B1003EAADD /* AddMealView.swift */; };
		35D0A068251294E500D39895 /* ApolloController.swift in Sources */ = {isa = PBXBuildFile; fileRef = 35D0A067251294E500D39895 /* ApolloController.swift */; };
		35D0A06D251294F900D39895 /* ApolloController.swift in Sources */ = {isa = PBXBuildFile; fileRef = 35D0A067251294E500D39895 /* ApolloController.swift */; };
		35D0A07525129F3800D39895 /* ApolloNetworkingController.swift in Sources */ = {isa = PBXBuildFile; fileRef = 35D0A07425129F3800D39895 /* ApolloNetworkingController.swift */; };
		35D0A07625129F3800D39895 /* ApolloNetworkingController.swift in Sources */ = {isa = PBXBuildFile; fileRef = 35D0A07425129F3800D39895 /* ApolloNetworkingController.swift */; };
		35EB46BE2514067B006230D4 /* GroceryListView.swift in Sources */ = {isa = PBXBuildFile; fileRef = 35EB46BD2514067B006230D4 /* GroceryListView.swift */; };
		35EB46BF2514067B006230D4 /* GroceryListView.swift in Sources */ = {isa = PBXBuildFile; fileRef = 35EB46BD2514067B006230D4 /* GroceryListView.swift */; };
		35EB46C725140C6B006230D4 /* GroceryListFragment.swift in Sources */ = {isa = PBXBuildFile; fileRef = 35EB46C625140C6B006230D4 /* GroceryListFragment.swift */; };
		35EB46C825140C6B006230D4 /* GroceryListFragment.swift in Sources */ = {isa = PBXBuildFile; fileRef = 35EB46C625140C6B006230D4 /* GroceryListFragment.swift */; };
		35EB46CC251414FC006230D4 /* AddToGroceryListView.swift in Sources */ = {isa = PBXBuildFile; fileRef = 35EB46CB251414FC006230D4 /* AddToGroceryListView.swift */; };
		35EB46CD251414FC006230D4 /* AddToGroceryListView.swift in Sources */ = {isa = PBXBuildFile; fileRef = 35EB46CB251414FC006230D4 /* AddToGroceryListView.swift */; };
		35EB46D125142286006230D4 /* GroceryListApolloController.swift in Sources */ = {isa = PBXBuildFile; fileRef = 35EB46D025142286006230D4 /* GroceryListApolloController.swift */; };
		35EB46D225142286006230D4 /* GroceryListApolloController.swift in Sources */ = {isa = PBXBuildFile; fileRef = 35EB46D025142286006230D4 /* GroceryListApolloController.swift */; };
		35EB46E3251B8201006230D4 /* MealListView.swift in Sources */ = {isa = PBXBuildFile; fileRef = 35EB46E2251B8201006230D4 /* MealListView.swift */; };
		35EB46E4251B8202006230D4 /* MealListView.swift in Sources */ = {isa = PBXBuildFile; fileRef = 35EB46E2251B8201006230D4 /* MealListView.swift */; };
		35EB46EA251BA6FF006230D4 /* MealListApolloController.swift in Sources */ = {isa = PBXBuildFile; fileRef = 35EB46E9251BA6FF006230D4 /* MealListApolloController.swift */; };
		35EB46EB251BA6FF006230D4 /* MealListApolloController.swift in Sources */ = {isa = PBXBuildFile; fileRef = 35EB46E9251BA6FF006230D4 /* MealListApolloController.swift */; };
		35EB46F5251BA952006230D4 /* MealListFragment_Extention.swift in Sources */ = {isa = PBXBuildFile; fileRef = 35EB46F4251BA952006230D4 /* MealListFragment_Extention.swift */; };
		35EB46F6251BA952006230D4 /* MealListFragment_Extention.swift in Sources */ = {isa = PBXBuildFile; fileRef = 35EB46F4251BA952006230D4 /* MealListFragment_Extention.swift */; };
		35EB46FE251BC5ED006230D4 /* MealLogView.swift in Sources */ = {isa = PBXBuildFile; fileRef = 35EB46FD251BC5ED006230D4 /* MealLogView.swift */; };
		35EB46FF251BC5ED006230D4 /* MealLogView.swift in Sources */ = {isa = PBXBuildFile; fileRef = 35EB46FD251BC5ED006230D4 /* MealLogView.swift */; };
		35EB4703251BC655006230D4 /* MealLogApolloController.swift in Sources */ = {isa = PBXBuildFile; fileRef = 35EB4702251BC655006230D4 /* MealLogApolloController.swift */; };
		35EB4704251BC655006230D4 /* MealLogApolloController.swift in Sources */ = {isa = PBXBuildFile; fileRef = 35EB4702251BC655006230D4 /* MealLogApolloController.swift */; };
		35EB470E251BC9F6006230D4 /* MadeMealFragment_Extention.swift in Sources */ = {isa = PBXBuildFile; fileRef = 35EB470D251BC9F6006230D4 /* MadeMealFragment_Extention.swift */; };
		35EB470F251BC9F6006230D4 /* MadeMealFragment_Extention.swift in Sources */ = {isa = PBXBuildFile; fileRef = 35EB470D251BC9F6006230D4 /* MadeMealFragment_Extention.swift */; };
		35F62DF12524DBF700AE5274 /* ModalView.swift in Sources */ = {isa = PBXBuildFile; fileRef = 35F62DF02524DBF700AE5274 /* ModalView.swift */; };
		35F62DF22524DBF700AE5274 /* ModalView.swift in Sources */ = {isa = PBXBuildFile; fileRef = 35F62DF02524DBF700AE5274 /* ModalView.swift */; };
		35F62DF82524DDE300AE5274 /* EnvironmentValues.swift in Sources */ = {isa = PBXBuildFile; fileRef = 35F62DF72524DDE300AE5274 /* EnvironmentValues.swift */; };
		35F62DF92524DDE300AE5274 /* EnvironmentValues.swift in Sources */ = {isa = PBXBuildFile; fileRef = 35F62DF72524DDE300AE5274 /* EnvironmentValues.swift */; };
		35F62DFD2524E39000AE5274 /* RectangleToCircle.swift in Sources */ = {isa = PBXBuildFile; fileRef = 35F62DFC2524E39000AE5274 /* RectangleToCircle.swift */; };
		35F62DFE2524E39000AE5274 /* RectangleToCircle.swift in Sources */ = {isa = PBXBuildFile; fileRef = 35F62DFC2524E39000AE5274 /* RectangleToCircle.swift */; };
		35F62E042524F01C00AE5274 /* ListOfIngredients.swift in Sources */ = {isa = PBXBuildFile; fileRef = 35F62E032524F01C00AE5274 /* ListOfIngredients.swift */; };
		35F62E052524F01C00AE5274 /* ListOfIngredients.swift in Sources */ = {isa = PBXBuildFile; fileRef = 35F62E032524F01C00AE5274 /* ListOfIngredients.swift */; };
		35F62E0B252523BE00AE5274 /* AddIngredients.swift in Sources */ = {isa = PBXBuildFile; fileRef = 35F62E0A252523BE00AE5274 /* AddIngredients.swift */; };
		35F62E0C252523BE00AE5274 /* AddIngredients.swift in Sources */ = {isa = PBXBuildFile; fileRef = 35F62E0A252523BE00AE5274 /* AddIngredients.swift */; };
		35F62E102525262B00AE5274 /* OptionsList.swift in Sources */ = {isa = PBXBuildFile; fileRef = 35F62E0F2525262B00AE5274 /* OptionsList.swift */; };
		35F62E112525262B00AE5274 /* OptionsList.swift in Sources */ = {isa = PBXBuildFile; fileRef = 35F62E0F2525262B00AE5274 /* OptionsList.swift */; };
		35F9E05024FFCE7A00F752AD /* ImageLoader.swift in Sources */ = {isa = PBXBuildFile; fileRef = 35F9E04F24FFCE7A00F752AD /* ImageLoader.swift */; };
		35F9E05224FFCF0C00F752AD /* AsyncImage.swift in Sources */ = {isa = PBXBuildFile; fileRef = 35F9E05124FFCF0C00F752AD /* AsyncImage.swift */; };
		35F9E05424FFD35000F752AD /* ImageCache.swift in Sources */ = {isa = PBXBuildFile; fileRef = 35F9E05324FFD35000F752AD /* ImageCache.swift */; };
		35F9E05624FFD4EF00F752AD /* EnvironmentValues+ImageCache.swift in Sources */ = {isa = PBXBuildFile; fileRef = 35F9E05524FFD4EF00F752AD /* EnvironmentValues+ImageCache.swift */; };
		35F9E058250036E100F752AD /* BlurView.swift in Sources */ = {isa = PBXBuildFile; fileRef = 35F9E057250036E100F752AD /* BlurView.swift */; };
/* End PBXBuildFile section */

/* Begin PBXFileReference section */
		3516A51A2513D30D002C97DA /* ListOfMealIngredients.swift */ = {isa = PBXFileReference; lastKnownFileType = sourcecode.swift; path = ListOfMealIngredients.swift; sourceTree = "<group>"; };
		3539132425372E7300CDFF6A /* API.swift */ = {isa = PBXFileReference; lastKnownFileType = sourcecode.swift; path = API.swift; sourceTree = "<group>"; };
		3539132D25372F2200CDFF6A /* schema.json */ = {isa = PBXFileReference; fileEncoding = 4; lastKnownFileType = text.json; path = schema.json; sourceTree = "<group>"; };
		355B4B6D25275864007FFE70 /* MealPlannerFavoriteView.swift */ = {isa = PBXFileReference; lastKnownFileType = sourcecode.swift; path = MealPlannerFavoriteView.swift; sourceTree = "<group>"; };
		35701D1E25032CEC005AA8C6 /* CloseButton.swift */ = {isa = PBXFileReference; lastKnownFileType = sourcecode.swift; path = CloseButton.swift; sourceTree = "<group>"; };
		35701D2725066412005AA8C6 /* LoginView.swift */ = {isa = PBXFileReference; lastKnownFileType = sourcecode.swift; path = LoginView.swift; sourceTree = "<group>"; };
		35701D2A250664EB005AA8C6 /* UserStore.swift */ = {isa = PBXFileReference; lastKnownFileType = sourcecode.swift; path = UserStore.swift; sourceTree = "<group>"; };
		35701D2D250666D4005AA8C6 /* Home.swift */ = {isa = PBXFileReference; lastKnownFileType = sourcecode.swift; path = Home.swift; sourceTree = "<group>"; };
		357160C3252E3BB100A5305F /* SearchBar.swift */ = {isa = PBXFileReference; lastKnownFileType = sourcecode.swift; path = SearchBar.swift; sourceTree = "<group>"; };
		3572C203252CA18A00FB9DD2 /* SearchView.swift */ = {isa = PBXFileReference; lastKnownFileType = sourcecode.swift; path = SearchView.swift; sourceTree = "<group>"; };
		35840CE22528AA7E003D4B81 /* CGSize+Random.swift */ = {isa = PBXFileReference; lastKnownFileType = sourcecode.swift; path = "CGSize+Random.swift"; sourceTree = "<group>"; };
		35897EEA24F011A800397A4C /* VegMealApp.swift */ = {isa = PBXFileReference; lastKnownFileType = sourcecode.swift; path = VegMealApp.swift; sourceTree = "<group>"; };
		35897EEB24F011A800397A4C /* ContentView.swift */ = {isa = PBXFileReference; lastKnownFileType = sourcecode.swift; path = ContentView.swift; sourceTree = "<group>"; };
		35897EEC24F011A900397A4C /* Assets.xcassets */ = {isa = PBXFileReference; lastKnownFileType = folder.assetcatalog; path = Assets.xcassets; sourceTree = "<group>"; };
		35897EF124F011A900397A4C /* VegMeal.app */ = {isa = PBXFileReference; explicitFileType = wrapper.application; includeInIndex = 0; path = VegMeal.app; sourceTree = BUILT_PRODUCTS_DIR; };
		35897EF424F011A900397A4C /* Info.plist */ = {isa = PBXFileReference; lastKnownFileType = text.plist.xml; path = Info.plist; sourceTree = "<group>"; };
		35897EF924F011A900397A4C /* VegMeal.app */ = {isa = PBXFileReference; explicitFileType = wrapper.application; includeInIndex = 0; path = VegMeal.app; sourceTree = BUILT_PRODUCTS_DIR; };
		35897EFB24F011A900397A4C /* Info.plist */ = {isa = PBXFileReference; lastKnownFileType = text.plist.xml; path = Info.plist; sourceTree = "<group>"; };
		35897EFC24F011A900397A4C /* macOS.entitlements */ = {isa = PBXFileReference; lastKnownFileType = text.plist.entitlements; path = macOS.entitlements; sourceTree = "<group>"; };
		359CD0AD2512AFF200D425F4 /* MealFragmentView.swift */ = {isa = PBXFileReference; lastKnownFileType = sourcecode.swift; path = MealFragmentView.swift; sourceTree = "<group>"; };
		359CD0B52512B42C00D425F4 /* MealFragment_Extentions.swift */ = {isa = PBXFileReference; lastKnownFileType = sourcecode.swift; path = MealFragment_Extentions.swift; sourceTree = "<group>"; };
		35A9BD702524BA7E0073941B /* AnimationExtention.swift */ = {isa = PBXFileReference; lastKnownFileType = sourcecode.swift; path = AnimationExtention.swift; sourceTree = "<group>"; };
		35BA385F24F01A1E00489DA1 /* Queries.graphql */ = {isa = PBXFileReference; lastKnownFileType = text; path = Queries.graphql; sourceTree = "<group>"; };
		35BEEB1025092EE7003EAADD /* MenuView.swift */ = {isa = PBXFileReference; lastKnownFileType = sourcecode.swift; path = MenuView.swift; sourceTree = "<group>"; };
		35BEEB1625095253003EAADD /* SingleMealFragmentView.swift */ = {isa = PBXFileReference; lastKnownFileType = sourcecode.swift; path = SingleMealFragmentView.swift; sourceTree = "<group>"; };
		35BEEB1C250986B1003EAADD /* AddMealView.swift */ = {isa = PBXFileReference; lastKnownFileType = sourcecode.swift; path = AddMealView.swift; sourceTree = "<group>"; };
		35D0A067251294E500D39895 /* ApolloController.swift */ = {isa = PBXFileReference; lastKnownFileType = sourcecode.swift; path = ApolloController.swift; sourceTree = "<group>"; };
		35D0A07425129F3800D39895 /* ApolloNetworkingController.swift */ = {isa = PBXFileReference; lastKnownFileType = sourcecode.swift; path = ApolloNetworkingController.swift; sourceTree = "<group>"; };
		35EB46BD2514067B006230D4 /* GroceryListView.swift */ = {isa = PBXFileReference; lastKnownFileType = sourcecode.swift; path = GroceryListView.swift; sourceTree = "<group>"; };
		35EB46C625140C6B006230D4 /* GroceryListFragment.swift */ = {isa = PBXFileReference; lastKnownFileType = sourcecode.swift; path = GroceryListFragment.swift; sourceTree = "<group>"; };
		35EB46CB251414FC006230D4 /* AddToGroceryListView.swift */ = {isa = PBXFileReference; lastKnownFileType = sourcecode.swift; path = AddToGroceryListView.swift; sourceTree = "<group>"; };
		35EB46D025142286006230D4 /* GroceryListApolloController.swift */ = {isa = PBXFileReference; lastKnownFileType = sourcecode.swift; path = GroceryListApolloController.swift; sourceTree = "<group>"; };
		35EB46E2251B8201006230D4 /* MealListView.swift */ = {isa = PBXFileReference; lastKnownFileType = sourcecode.swift; path = MealListView.swift; sourceTree = "<group>"; };
		35EB46E9251BA6FF006230D4 /* MealListApolloController.swift */ = {isa = PBXFileReference; lastKnownFileType = sourcecode.swift; path = MealListApolloController.swift; sourceTree = "<group>"; };
		35EB46F4251BA952006230D4 /* MealListFragment_Extention.swift */ = {isa = PBXFileReference; lastKnownFileType = sourcecode.swift; path = MealListFragment_Extention.swift; sourceTree = "<group>"; };
		35EB46FD251BC5ED006230D4 /* MealLogView.swift */ = {isa = PBXFileReference; lastKnownFileType = sourcecode.swift; path = MealLogView.swift; sourceTree = "<group>"; };
		35EB4702251BC655006230D4 /* MealLogApolloController.swift */ = {isa = PBXFileReference; lastKnownFileType = sourcecode.swift; path = MealLogApolloController.swift; sourceTree = "<group>"; };
		35EB470D251BC9F6006230D4 /* MadeMealFragment_Extention.swift */ = {isa = PBXFileReference; lastKnownFileType = sourcecode.swift; path = MadeMealFragment_Extention.swift; sourceTree = "<group>"; };
		35F62DF02524DBF700AE5274 /* ModalView.swift */ = {isa = PBXFileReference; lastKnownFileType = sourcecode.swift; path = ModalView.swift; sourceTree = "<group>"; };
		35F62DF72524DDE300AE5274 /* EnvironmentValues.swift */ = {isa = PBXFileReference; lastKnownFileType = sourcecode.swift; path = EnvironmentValues.swift; sourceTree = "<group>"; };
		35F62DFC2524E39000AE5274 /* RectangleToCircle.swift */ = {isa = PBXFileReference; lastKnownFileType = sourcecode.swift; path = RectangleToCircle.swift; sourceTree = "<group>"; };
		35F62E032524F01C00AE5274 /* ListOfIngredients.swift */ = {isa = PBXFileReference; lastKnownFileType = sourcecode.swift; path = ListOfIngredients.swift; sourceTree = "<group>"; };
		35F62E0A252523BE00AE5274 /* AddIngredients.swift */ = {isa = PBXFileReference; lastKnownFileType = sourcecode.swift; path = AddIngredients.swift; sourceTree = "<group>"; };
		35F62E0F2525262B00AE5274 /* OptionsList.swift */ = {isa = PBXFileReference; lastKnownFileType = sourcecode.swift; path = OptionsList.swift; sourceTree = "<group>"; };
		35F9E04F24FFCE7A00F752AD /* ImageLoader.swift */ = {isa = PBXFileReference; lastKnownFileType = sourcecode.swift; path = ImageLoader.swift; sourceTree = "<group>"; };
		35F9E05124FFCF0C00F752AD /* AsyncImage.swift */ = {isa = PBXFileReference; lastKnownFileType = sourcecode.swift; path = AsyncImage.swift; sourceTree = "<group>"; };
		35F9E05324FFD35000F752AD /* ImageCache.swift */ = {isa = PBXFileReference; lastKnownFileType = sourcecode.swift; path = ImageCache.swift; sourceTree = "<group>"; };
		35F9E05524FFD4EF00F752AD /* EnvironmentValues+ImageCache.swift */ = {isa = PBXFileReference; lastKnownFileType = sourcecode.swift; path = "EnvironmentValues+ImageCache.swift"; sourceTree = "<group>"; };
		35F9E057250036E100F752AD /* BlurView.swift */ = {isa = PBXFileReference; lastKnownFileType = sourcecode.swift; path = BlurView.swift; sourceTree = "<group>"; };
/* End PBXFileReference section */

/* Begin PBXFrameworksBuildPhase section */
		35897EEE24F011A900397A4C /* Frameworks */ = {
			isa = PBXFrameworksBuildPhase;
			buildActionMask = 2147483647;
			files = (
				35BEEB152509368C003EAADD /* SDWebImageSwiftUI in Frameworks */,
				35897F0D24F0125400397A4C /* Apollo in Frameworks */,
			);
			runOnlyForDeploymentPostprocessing = 0;
		};
		35897EF624F011A900397A4C /* Frameworks */ = {
			isa = PBXFrameworksBuildPhase;
			buildActionMask = 2147483647;
			files = (
			);
			runOnlyForDeploymentPostprocessing = 0;
		};
/* End PBXFrameworksBuildPhase section */

/* Begin PBXGroup section */
		3516A50F2513D26C002C97DA /* Views */ = {
			isa = PBXGroup;
			children = (
				35EB46E1251B81A9006230D4 /* MealList */,
				35EB46BC2514065E006230D4 /* GroceryList */,
				35BEEB1C250986B1003EAADD /* AddMealView.swift */,
				35BEEB1025092EE7003EAADD /* MenuView.swift */,
				35701D2725066412005AA8C6 /* LoginView.swift */,
				35701D1E25032CEC005AA8C6 /* CloseButton.swift */,
				35F9E057250036E100F752AD /* BlurView.swift */,
				3516A5112513D28D002C97DA /* Meal */,
				3516A5102513D275002C97DA /* Meals */,
				3572C203252CA18A00FB9DD2 /* SearchView.swift */,
			);
			path = Views;
			sourceTree = "<group>";
		};
		3516A5102513D275002C97DA /* Meals */ = {
			isa = PBXGroup;
			children = (
				359CD0AD2512AFF200D425F4 /* MealFragmentView.swift */,
			);
			path = Meals;
			sourceTree = "<group>";
		};
		3516A5112513D28D002C97DA /* Meal */ = {
			isa = PBXGroup;
			children = (
				35BEEB1625095253003EAADD /* SingleMealFragmentView.swift */,
				3516A51A2513D30D002C97DA /* ListOfMealIngredients.swift */,
				35EB46FD251BC5ED006230D4 /* MealLogView.swift */,
			);
			path = Meal;
			sourceTree = "<group>";
		};
		35897EE424F011A800397A4C = {
			isa = PBXGroup;
			children = (
				35897EE924F011A800397A4C /* Shared */,
				35897EF324F011A900397A4C /* iOS */,
				35897EFA24F011A900397A4C /* macOS */,
				35897EF224F011A900397A4C /* Products */,
			);
			sourceTree = "<group>";
		};
		35897EE924F011A800397A4C /* Shared */ = {
			isa = PBXGroup;
			children = (
				3516A50F2513D26C002C97DA /* Views */,
				359CD0B42512B41000D425F4 /* Extensions */,
				35D0A066251294D600D39895 /* Networking */,
				35F9E0592500397500F752AD /* Models */,
				35F9E04E24FFCE5F00F752AD /* AsyncImage */,
				35897EEA24F011A800397A4C /* VegMealApp.swift */,
				35701D2D250666D4005AA8C6 /* Home.swift */,
				35897EEB24F011A800397A4C /* ContentView.swift */,
				355B4B6D25275864007FFE70 /* MealPlannerFavoriteView.swift */,
				35F62DF02524DBF700AE5274 /* ModalView.swift */,
				35F62E032524F01C00AE5274 /* ListOfIngredients.swift */,
				35F62E0A252523BE00AE5274 /* AddIngredients.swift */,
				35F62E0F2525262B00AE5274 /* OptionsList.swift */,
				35F62DFC2524E39000AE5274 /* RectangleToCircle.swift */,
				357160C3252E3BB100A5305F /* SearchBar.swift */,
				3539132D25372F2200CDFF6A /* schema.json */,
				35BA385F24F01A1E00489DA1 /* Queries.graphql */,
				3539132425372E7300CDFF6A /* API.swift */,
				35897EEC24F011A900397A4C /* Assets.xcassets */,
			);
			path = Shared;
			sourceTree = "<group>";
		};
		35897EF224F011A900397A4C /* Products */ = {
			isa = PBXGroup;
			children = (
				35897EF124F011A900397A4C /* VegMeal.app */,
				35897EF924F011A900397A4C /* VegMeal.app */,
			);
			name = Products;
			sourceTree = "<group>";
		};
		35897EF324F011A900397A4C /* iOS */ = {
			isa = PBXGroup;
			children = (
				35897EF424F011A900397A4C /* Info.plist */,
			);
			path = iOS;
			sourceTree = "<group>";
		};
		35897EFA24F011A900397A4C /* macOS */ = {
			isa = PBXGroup;
			children = (
				35897EFB24F011A900397A4C /* Info.plist */,
				35897EFC24F011A900397A4C /* macOS.entitlements */,
			);
			path = macOS;
			sourceTree = "<group>";
		};
		359CD0B42512B41000D425F4 /* Extensions */ = {
			isa = PBXGroup;
			children = (
				359CD0B52512B42C00D425F4 /* MealFragment_Extentions.swift */,
				35EB46C625140C6B006230D4 /* GroceryListFragment.swift */,
				35EB46F4251BA952006230D4 /* MealListFragment_Extention.swift */,
				35EB470D251BC9F6006230D4 /* MadeMealFragment_Extention.swift */,
				35A9BD702524BA7E0073941B /* AnimationExtention.swift */,
				35F62DF72524DDE300AE5274 /* EnvironmentValues.swift */,
				35840CE22528AA7E003D4B81 /* CGSize+Random.swift */,
			);
			path = Extensions;
			sourceTree = "<group>";
		};
		35D0A066251294D600D39895 /* Networking */ = {
			isa = PBXGroup;
			children = (
				35D0A067251294E500D39895 /* ApolloController.swift */,
			);
			path = Networking;
			sourceTree = "<group>";
		};
		35EB46BC2514065E006230D4 /* GroceryList */ = {
			isa = PBXGroup;
			children = (
				35EB46BD2514067B006230D4 /* GroceryListView.swift */,
				35EB46CB251414FC006230D4 /* AddToGroceryListView.swift */,
			);
			path = GroceryList;
			sourceTree = "<group>";
		};
		35EB46E1251B81A9006230D4 /* MealList */ = {
			isa = PBXGroup;
			children = (
				35EB46E2251B8201006230D4 /* MealListView.swift */,
			);
			path = MealList;
			sourceTree = "<group>";
		};
		35F9E04E24FFCE5F00F752AD /* AsyncImage */ = {
			isa = PBXGroup;
			children = (
				35F9E04F24FFCE7A00F752AD /* ImageLoader.swift */,
				35F9E05124FFCF0C00F752AD /* AsyncImage.swift */,
				35F9E05324FFD35000F752AD /* ImageCache.swift */,
				35F9E05524FFD4EF00F752AD /* EnvironmentValues+ImageCache.swift */,
			);
			path = AsyncImage;
			sourceTree = "<group>";
		};
		35F9E0592500397500F752AD /* Models */ = {
			isa = PBXGroup;
			children = (
				35701D2A250664EB005AA8C6 /* UserStore.swift */,
				35EB46D025142286006230D4 /* GroceryListApolloController.swift */,
				35EB46E9251BA6FF006230D4 /* MealListApolloController.swift */,
				35D0A07425129F3800D39895 /* ApolloNetworkingController.swift */,
				35EB4702251BC655006230D4 /* MealLogApolloController.swift */,
			);
			path = Models;
			sourceTree = "<group>";
		};
/* End PBXGroup section */

/* Begin PBXNativeTarget section */
		35897EF024F011A900397A4C /* VegMeal (iOS) */ = {
			isa = PBXNativeTarget;
			buildConfigurationList = 35897F0524F011A900397A4C /* Build configuration list for PBXNativeTarget "VegMeal (iOS)" */;
			buildPhases = (
				35BA386224F01A8B00489DA1 /* Apollo CLI */,
				35897EED24F011A900397A4C /* Sources */,
				35897EEE24F011A900397A4C /* Frameworks */,
				35897EEF24F011A900397A4C /* Resources */,
			);
			buildRules = (
			);
			dependencies = (
			);
			name = "VegMeal (iOS)";
			packageProductDependencies = (
				35897F0C24F0125400397A4C /* Apollo */,
				35BEEB142509368C003EAADD /* SDWebImageSwiftUI */,
			);
			productName = "VegMeal (iOS)";
			productReference = 35897EF124F011A900397A4C /* VegMeal.app */;
			productType = "com.apple.product-type.application";
		};
		35897EF824F011A900397A4C /* VegMeal (macOS) */ = {
			isa = PBXNativeTarget;
			buildConfigurationList = 35897F0824F011A900397A4C /* Build configuration list for PBXNativeTarget "VegMeal (macOS)" */;
			buildPhases = (
				35897EF524F011A900397A4C /* Sources */,
				35897EF624F011A900397A4C /* Frameworks */,
				35897EF724F011A900397A4C /* Resources */,
			);
			buildRules = (
			);
			dependencies = (
			);
			name = "VegMeal (macOS)";
			productName = "VegMeal (macOS)";
			productReference = 35897EF924F011A900397A4C /* VegMeal.app */;
			productType = "com.apple.product-type.application";
		};
/* End PBXNativeTarget section */

/* Begin PBXProject section */
		35897EE524F011A800397A4C /* Project object */ = {
			isa = PBXProject;
			attributes = {
				LastSwiftUpdateCheck = 1200;
				LastUpgradeCheck = 1200;
				TargetAttributes = {
					35897EF024F011A900397A4C = {
						CreatedOnToolsVersion = 12.0;
					};
					35897EF824F011A900397A4C = {
						CreatedOnToolsVersion = 12.0;
					};
				};
			};
			buildConfigurationList = 35897EE824F011A800397A4C /* Build configuration list for PBXProject "VegMeal" */;
			compatibilityVersion = "Xcode 9.3";
			developmentRegion = en;
			hasScannedForEncodings = 0;
			knownRegions = (
				en,
				Base,
			);
			mainGroup = 35897EE424F011A800397A4C;
			packageReferences = (
				35897F0B24F0125400397A4C /* XCRemoteSwiftPackageReference "apollo-ios" */,
				35BEEB132509368C003EAADD /* XCRemoteSwiftPackageReference "SDWebImageSwiftUI" */,
			);
			productRefGroup = 35897EF224F011A900397A4C /* Products */;
			projectDirPath = "";
			projectRoot = "";
			targets = (
				35897EF024F011A900397A4C /* VegMeal (iOS) */,
				35897EF824F011A900397A4C /* VegMeal (macOS) */,
			);
		};
/* End PBXProject section */

/* Begin PBXResourcesBuildPhase section */
		35897EEF24F011A900397A4C /* Resources */ = {
			isa = PBXResourcesBuildPhase;
			buildActionMask = 2147483647;
			files = (
				3539132E25372F2200CDFF6A /* schema.json in Resources */,
				35BA386024F01A1E00489DA1 /* Queries.graphql in Resources */,
				35897F0124F011A900397A4C /* Assets.xcassets in Resources */,
			);
			runOnlyForDeploymentPostprocessing = 0;
		};
		35897EF724F011A900397A4C /* Resources */ = {
			isa = PBXResourcesBuildPhase;
			buildActionMask = 2147483647;
			files = (
				3539132F25372F2200CDFF6A /* schema.json in Resources */,
				35BA386124F01A1E00489DA1 /* Queries.graphql in Resources */,
				35897F0224F011A900397A4C /* Assets.xcassets in Resources */,
			);
			runOnlyForDeploymentPostprocessing = 0;
		};
/* End PBXResourcesBuildPhase section */

/* Begin PBXShellScriptBuildPhase section */
		35BA386224F01A8B00489DA1 /* Apollo CLI */ = {
			isa = PBXShellScriptBuildPhase;
			buildActionMask = 2147483647;
			files = (
			);
			inputFileListPaths = (
			);
			inputPaths = (
				"$(SRCROOT)/App/**/*.graphql",
			);
			name = "Apollo CLI";
			outputFileListPaths = (
			);
			outputPaths = (
				"$(SRCROOT)/App/API.swift",
			);
			runOnlyForDeploymentPostprocessing = 0;
			shellPath = /bin/sh;
			shellScript = "# Go to the build root and search up the chain to find the Derived Data Path where the source packages are checked out.\nDERIVED_DATA_CANDIDATE=\"${BUILD_ROOT}\"\n\nwhile ! [ -d \"${DERIVED_DATA_CANDIDATE}/SourcePackages\" ]; do\n  if [ \"${DERIVED_DATA_CANDIDATE}\" = / ]; then\n    echo >&2 \"error: Unable to locate SourcePackages directory from BUILD_ROOT: '${BUILD_ROOT}'\"\n    exit 1\n  fi\n\n  DERIVED_DATA_CANDIDATE=\"$(dirname \"${DERIVED_DATA_CANDIDATE}\")\"\ndone\n\n# Grab a reference to the directory where scripts are checked out\nSCRIPT_PATH=\"${DERIVED_DATA_CANDIDATE}/SourcePackages/checkouts/apollo-ios/scripts\"\n\nif [ -z \"${SCRIPT_PATH}\" ]; then\n    echo >&2 \"error: Couldn't find the CLI script in your checked out SPM packages; make sure to add the framework to your project.\"\n    exit 1\nfi\n\ncd \"${SRCROOT}/Shared\"\n\"${SCRIPT_PATH}\"/run-bundled-codegen.sh codegen:generate --target=swift --includes=./**/*.graphql --localSchemaFile=\"schema.json\" API.swift\n";
		};
/* End PBXShellScriptBuildPhase section */

/* Begin PBXSourcesBuildPhase section */
		35897EED24F011A900397A4C /* Sources */ = {
			isa = PBXSourcesBuildPhase;
			buildActionMask = 2147483647;
			files = (
				35897EFF24F011A900397A4C /* ContentView.swift in Sources */,
				35BEEB1D250986B1003EAADD /* AddMealView.swift in Sources */,
				35D0A07525129F3800D39895 /* ApolloNetworkingController.swift in Sources */,
				35EB46CC251414FC006230D4 /* AddToGroceryListView.swift in Sources */,
				35F62E042524F01C00AE5274 /* ListOfIngredients.swift in Sources */,
				35EB46FE251BC5ED006230D4 /* MealLogView.swift in Sources */,
				3516A51B2513D30D002C97DA /* ListOfMealIngredients.swift in Sources */,
				35701D2825066412005AA8C6 /* LoginView.swift in Sources */,
				35BEEB1725095253003EAADD /* SingleMealFragmentView.swift in Sources */,
				35EB46BE2514067B006230D4 /* GroceryListView.swift in Sources */,
				359CD0B62512B42C00D425F4 /* MealFragment_Extentions.swift in Sources */,
				35EB4703251BC655006230D4 /* MealLogApolloController.swift in Sources */,
				35F62E0B252523BE00AE5274 /* AddIngredients.swift in Sources */,
				35EB46EA251BA6FF006230D4 /* MealListApolloController.swift in Sources */,
				35701D1F25032CEC005AA8C6 /* CloseButton.swift in Sources */,
				35EB46C725140C6B006230D4 /* GroceryListFragment.swift in Sources */,
				359CD0AE2512AFF200D425F4 /* MealFragmentView.swift in Sources */,
				35701D2E250666D4005AA8C6 /* Home.swift in Sources */,
				355B4B6E25275864007FFE70 /* MealPlannerFavoriteView.swift in Sources */,
				35701D2B250664EB005AA8C6 /* UserStore.swift in Sources */,
				3572C204252CA18A00FB9DD2 /* SearchView.swift in Sources */,
				35F9E05024FFCE7A00F752AD /* ImageLoader.swift in Sources */,
				35F62DF12524DBF700AE5274 /* ModalView.swift in Sources */,
				35A9BD712524BA7E0073941B /* AnimationExtention.swift in Sources */,
				35EB46D125142286006230D4 /* GroceryListApolloController.swift in Sources */,
				35D0A068251294E500D39895 /* ApolloController.swift in Sources */,
				35F9E05624FFD4EF00F752AD /* EnvironmentValues+ImageCache.swift in Sources */,
				35F9E058250036E100F752AD /* BlurView.swift in Sources */,
				35EB46F5251BA952006230D4 /* MealListFragment_Extention.swift in Sources */,
				35F62DFD2524E39000AE5274 /* RectangleToCircle.swift in Sources */,
				35F62E102525262B00AE5274 /* OptionsList.swift in Sources */,
				35EB46E3251B8201006230D4 /* MealListView.swift in Sources */,
				35EB470E251BC9F6006230D4 /* MadeMealFragment_Extention.swift in Sources */,
				3539132525372E7300CDFF6A /* API.swift in Sources */,
				357160C4252E3BB100A5305F /* SearchBar.swift in Sources */,
				35F62DF82524DDE300AE5274 /* EnvironmentValues.swift in Sources */,
				35840CE32528AA7E003D4B81 /* CGSize+Random.swift in Sources */,
				35BEEB1125092EE7003EAADD /* MenuView.swift in Sources */,
				35F9E05224FFCF0C00F752AD /* AsyncImage.swift in Sources */,
				35F9E05424FFD35000F752AD /* ImageCache.swift in Sources */,
				35897EFD24F011A900397A4C /* VegMealApp.swift in Sources */,
			);
			runOnlyForDeploymentPostprocessing = 0;
		};
		35897EF524F011A900397A4C /* Sources */ = {
			isa = PBXSourcesBuildPhase;
			buildActionMask = 2147483647;
			files = (
				35897F0024F011A900397A4C /* ContentView.swift in Sources */,
				35EB46FF251BC5ED006230D4 /* MealLogView.swift in Sources */,
				35701D2C250664EB005AA8C6 /* UserStore.swift in Sources */,
				3516A51C2513D30D002C97DA /* ListOfMealIngredients.swift in Sources */,
				35EB46CD251414FC006230D4 /* AddToGroceryListView.swift in Sources */,
				357160C5252E3BB100A5305F /* SearchBar.swift in Sources */,
				35EB46E4251B8202006230D4 /* MealListView.swift in Sources */,
				35BEEB1825095253003EAADD /* SingleMealFragmentView.swift in Sources */,
				3539132625372E7300CDFF6A /* API.swift in Sources */,
				35F62DF92524DDE300AE5274 /* EnvironmentValues.swift in Sources */,
				35EB46D225142286006230D4 /* GroceryListApolloController.swift in Sources */,
				35F62E052524F01C00AE5274 /* ListOfIngredients.swift in Sources */,
				3572C205252CA18A00FB9DD2 /* SearchView.swift in Sources */,
				359CD0AF2512AFF200D425F4 /* MealFragmentView.swift in Sources */,
				35701D2025032CEC005AA8C6 /* CloseButton.swift in Sources */,
				35D0A06D251294F900D39895 /* ApolloController.swift in Sources */,
				35A9BD722524BA7E0073941B /* AnimationExtention.swift in Sources */,
				35EB46BF2514067B006230D4 /* GroceryListView.swift in Sources */,
				35BEEB1225092EE7003EAADD /* MenuView.swift in Sources */,
				35840CE42528AA7E003D4B81 /* CGSize+Random.swift in Sources */,
				35F62DF22524DBF700AE5274 /* ModalView.swift in Sources */,
				35F62E0C252523BE00AE5274 /* AddIngredients.swift in Sources */,
				35EB4704251BC655006230D4 /* MealLogApolloController.swift in Sources */,
				35F62E112525262B00AE5274 /* OptionsList.swift in Sources */,
				35701D2925066412005AA8C6 /* LoginView.swift in Sources */,
				35D0A07625129F3800D39895 /* ApolloNetworkingController.swift in Sources */,
				35EB46C825140C6B006230D4 /* GroceryListFragment.swift in Sources */,
				35F62DFE2524E39000AE5274 /* RectangleToCircle.swift in Sources */,
				355B4B6F25275864007FFE70 /* MealPlannerFavoriteView.swift in Sources */,
				35701D2F250666D4005AA8C6 /* Home.swift in Sources */,
				359CD0B72512B42C00D425F4 /* MealFragment_Extentions.swift in Sources */,
				35EB46EB251BA6FF006230D4 /* MealListApolloController.swift in Sources */,
				35EB46F6251BA952006230D4 /* MealListFragment_Extention.swift in Sources */,
				35897EFE24F011A900397A4C /* VegMealApp.swift in Sources */,
				35EB470F251BC9F6006230D4 /* MadeMealFragment_Extention.swift in Sources */,
				35BEEB1E250986B1003EAADD /* AddMealView.swift in Sources */,
			);
			runOnlyForDeploymentPostprocessing = 0;
		};
/* End PBXSourcesBuildPhase section */

/* Begin XCBuildConfiguration section */
		35897F0324F011A900397A4C /* Debug */ = {
			isa = XCBuildConfiguration;
			buildSettings = {
				ALWAYS_SEARCH_USER_PATHS = NO;
				APPLICATION_EXTENSION_API_ONLY = NO;
				CLANG_ANALYZER_NONNULL = YES;
				CLANG_ANALYZER_NUMBER_OBJECT_CONVERSION = YES_AGGRESSIVE;
				CLANG_CXX_LANGUAGE_STANDARD = "gnu++14";
				CLANG_CXX_LIBRARY = "libc++";
				CLANG_ENABLE_MODULES = YES;
				CLANG_ENABLE_OBJC_ARC = YES;
				CLANG_ENABLE_OBJC_WEAK = YES;
				CLANG_WARN_BLOCK_CAPTURE_AUTORELEASING = YES;
				CLANG_WARN_BOOL_CONVERSION = YES;
				CLANG_WARN_COMMA = YES;
				CLANG_WARN_CONSTANT_CONVERSION = YES;
				CLANG_WARN_DEPRECATED_OBJC_IMPLEMENTATIONS = YES;
				CLANG_WARN_DIRECT_OBJC_ISA_USAGE = YES_ERROR;
				CLANG_WARN_DOCUMENTATION_COMMENTS = YES;
				CLANG_WARN_EMPTY_BODY = YES;
				CLANG_WARN_ENUM_CONVERSION = YES;
				CLANG_WARN_INFINITE_RECURSION = YES;
				CLANG_WARN_INT_CONVERSION = YES;
				CLANG_WARN_NON_LITERAL_NULL_CONVERSION = YES;
				CLANG_WARN_OBJC_IMPLICIT_RETAIN_SELF = YES;
				CLANG_WARN_OBJC_LITERAL_CONVERSION = YES;
				CLANG_WARN_OBJC_ROOT_CLASS = YES_ERROR;
				CLANG_WARN_QUOTED_INCLUDE_IN_FRAMEWORK_HEADER = YES;
				CLANG_WARN_RANGE_LOOP_ANALYSIS = YES;
				CLANG_WARN_STRICT_PROTOTYPES = YES;
				CLANG_WARN_SUSPICIOUS_MOVE = YES;
				CLANG_WARN_UNGUARDED_AVAILABILITY = YES_AGGRESSIVE;
				CLANG_WARN_UNREACHABLE_CODE = YES;
				CLANG_WARN__DUPLICATE_METHOD_MATCH = YES;
				COPY_PHASE_STRIP = NO;
				DEBUG_INFORMATION_FORMAT = dwarf;
				ENABLE_STRICT_OBJC_MSGSEND = YES;
				ENABLE_TESTABILITY = YES;
				GCC_C_LANGUAGE_STANDARD = gnu11;
				GCC_DYNAMIC_NO_PIC = NO;
				GCC_NO_COMMON_BLOCKS = YES;
				GCC_OPTIMIZATION_LEVEL = 0;
				GCC_PREPROCESSOR_DEFINITIONS = (
					"DEBUG=1",
					"$(inherited)",
				);
				GCC_WARN_64_TO_32_BIT_CONVERSION = YES;
				GCC_WARN_ABOUT_RETURN_TYPE = YES_ERROR;
				GCC_WARN_UNDECLARED_SELECTOR = YES;
				GCC_WARN_UNINITIALIZED_AUTOS = YES_AGGRESSIVE;
				GCC_WARN_UNUSED_FUNCTION = YES;
				GCC_WARN_UNUSED_VARIABLE = YES;
				MTL_ENABLE_DEBUG_INFO = INCLUDE_SOURCE;
				MTL_FAST_MATH = YES;
				ONLY_ACTIVE_ARCH = YES;
				SWIFT_ACTIVE_COMPILATION_CONDITIONS = DEBUG;
				SWIFT_OPTIMIZATION_LEVEL = "-Onone";
			};
			name = Debug;
		};
		35897F0424F011A900397A4C /* Release */ = {
			isa = XCBuildConfiguration;
			buildSettings = {
				ALWAYS_SEARCH_USER_PATHS = NO;
				APPLICATION_EXTENSION_API_ONLY = NO;
				CLANG_ANALYZER_NONNULL = YES;
				CLANG_ANALYZER_NUMBER_OBJECT_CONVERSION = YES_AGGRESSIVE;
				CLANG_CXX_LANGUAGE_STANDARD = "gnu++14";
				CLANG_CXX_LIBRARY = "libc++";
				CLANG_ENABLE_MODULES = YES;
				CLANG_ENABLE_OBJC_ARC = YES;
				CLANG_ENABLE_OBJC_WEAK = YES;
				CLANG_WARN_BLOCK_CAPTURE_AUTORELEASING = YES;
				CLANG_WARN_BOOL_CONVERSION = YES;
				CLANG_WARN_COMMA = YES;
				CLANG_WARN_CONSTANT_CONVERSION = YES;
				CLANG_WARN_DEPRECATED_OBJC_IMPLEMENTATIONS = YES;
				CLANG_WARN_DIRECT_OBJC_ISA_USAGE = YES_ERROR;
				CLANG_WARN_DOCUMENTATION_COMMENTS = YES;
				CLANG_WARN_EMPTY_BODY = YES;
				CLANG_WARN_ENUM_CONVERSION = YES;
				CLANG_WARN_INFINITE_RECURSION = YES;
				CLANG_WARN_INT_CONVERSION = YES;
				CLANG_WARN_NON_LITERAL_NULL_CONVERSION = YES;
				CLANG_WARN_OBJC_IMPLICIT_RETAIN_SELF = YES;
				CLANG_WARN_OBJC_LITERAL_CONVERSION = YES;
				CLANG_WARN_OBJC_ROOT_CLASS = YES_ERROR;
				CLANG_WARN_QUOTED_INCLUDE_IN_FRAMEWORK_HEADER = YES;
				CLANG_WARN_RANGE_LOOP_ANALYSIS = YES;
				CLANG_WARN_STRICT_PROTOTYPES = YES;
				CLANG_WARN_SUSPICIOUS_MOVE = YES;
				CLANG_WARN_UNGUARDED_AVAILABILITY = YES_AGGRESSIVE;
				CLANG_WARN_UNREACHABLE_CODE = YES;
				CLANG_WARN__DUPLICATE_METHOD_MATCH = YES;
				COPY_PHASE_STRIP = NO;
				DEBUG_INFORMATION_FORMAT = "dwarf-with-dsym";
				ENABLE_NS_ASSERTIONS = NO;
				ENABLE_STRICT_OBJC_MSGSEND = YES;
				GCC_C_LANGUAGE_STANDARD = gnu11;
				GCC_NO_COMMON_BLOCKS = YES;
				GCC_WARN_64_TO_32_BIT_CONVERSION = YES;
				GCC_WARN_ABOUT_RETURN_TYPE = YES_ERROR;
				GCC_WARN_UNDECLARED_SELECTOR = YES;
				GCC_WARN_UNINITIALIZED_AUTOS = YES_AGGRESSIVE;
				GCC_WARN_UNUSED_FUNCTION = YES;
				GCC_WARN_UNUSED_VARIABLE = YES;
				MTL_ENABLE_DEBUG_INFO = NO;
				MTL_FAST_MATH = YES;
				SWIFT_COMPILATION_MODE = wholemodule;
				SWIFT_OPTIMIZATION_LEVEL = "-O";
			};
			name = Release;
		};
		35897F0624F011A900397A4C /* Debug */ = {
			isa = XCBuildConfiguration;
			buildSettings = {
				ASSETCATALOG_COMPILER_APPICON_NAME = AppIcon;
				ASSETCATALOG_COMPILER_GLOBAL_ACCENT_COLOR_NAME = AccentColor;
				CODE_SIGN_STYLE = Automatic;
				DEVELOPMENT_TEAM = T8T2ES38J9;
				ENABLE_PREVIEWS = YES;
				INFOPLIST_FILE = iOS/Info.plist;
				IPHONEOS_DEPLOYMENT_TARGET = 14.0;
				LD_RUNPATH_SEARCH_PATHS = (
					"$(inherited)",
					"@executable_path/Frameworks",
				);
				PRODUCT_BUNDLE_IDENTIFIER = gerrardApps.VegMeal;
				PRODUCT_NAME = VegMeal;
				SDKROOT = iphoneos;
				SWIFT_VERSION = 5.0;
				TARGETED_DEVICE_FAMILY = "1,2";
			};
			name = Debug;
		};
		35897F0724F011A900397A4C /* Release */ = {
			isa = XCBuildConfiguration;
			buildSettings = {
				ASSETCATALOG_COMPILER_APPICON_NAME = AppIcon;
				ASSETCATALOG_COMPILER_GLOBAL_ACCENT_COLOR_NAME = AccentColor;
				CODE_SIGN_STYLE = Automatic;
				DEVELOPMENT_TEAM = T8T2ES38J9;
				ENABLE_PREVIEWS = YES;
				INFOPLIST_FILE = iOS/Info.plist;
				IPHONEOS_DEPLOYMENT_TARGET = 14.0;
				LD_RUNPATH_SEARCH_PATHS = (
					"$(inherited)",
					"@executable_path/Frameworks",
				);
				PRODUCT_BUNDLE_IDENTIFIER = gerrardApps.VegMeal;
				PRODUCT_NAME = VegMeal;
				SDKROOT = iphoneos;
				SWIFT_VERSION = 5.0;
				TARGETED_DEVICE_FAMILY = "1,2";
				VALIDATE_PRODUCT = YES;
			};
			name = Release;
		};
		35897F0924F011A900397A4C /* Debug */ = {
			isa = XCBuildConfiguration;
			buildSettings = {
				ASSETCATALOG_COMPILER_APPICON_NAME = AppIcon;
				ASSETCATALOG_COMPILER_GLOBAL_ACCENT_COLOR_NAME = AccentColor;
				CODE_SIGN_ENTITLEMENTS = macOS/macOS.entitlements;
				CODE_SIGN_IDENTITY = "-";
				CODE_SIGN_STYLE = Automatic;
				COMBINE_HIDPI_IMAGES = YES;
				DEVELOPMENT_TEAM = T8T2ES38J9;
				ENABLE_HARDENED_RUNTIME = YES;
				ENABLE_PREVIEWS = YES;
				INFOPLIST_FILE = macOS/Info.plist;
				LD_RUNPATH_SEARCH_PATHS = (
					"$(inherited)",
					"@executable_path/../Frameworks",
				);
				MACOSX_DEPLOYMENT_TARGET = 11.0;
				PRODUCT_BUNDLE_IDENTIFIER = gerrardApps.VegMeal;
				PRODUCT_NAME = VegMeal;
				SDKROOT = macosx;
				SWIFT_VERSION = 5.0;
			};
			name = Debug;
		};
		35897F0A24F011A900397A4C /* Release */ = {
			isa = XCBuildConfiguration;
			buildSettings = {
				ASSETCATALOG_COMPILER_APPICON_NAME = AppIcon;
				ASSETCATALOG_COMPILER_GLOBAL_ACCENT_COLOR_NAME = AccentColor;
				CODE_SIGN_ENTITLEMENTS = macOS/macOS.entitlements;
				CODE_SIGN_IDENTITY = "-";
				CODE_SIGN_STYLE = Automatic;
				COMBINE_HIDPI_IMAGES = YES;
				DEVELOPMENT_TEAM = T8T2ES38J9;
				ENABLE_HARDENED_RUNTIME = YES;
				ENABLE_PREVIEWS = YES;
				INFOPLIST_FILE = macOS/Info.plist;
				LD_RUNPATH_SEARCH_PATHS = (
					"$(inherited)",
					"@executable_path/../Frameworks",
				);
				MACOSX_DEPLOYMENT_TARGET = 11.0;
				PRODUCT_BUNDLE_IDENTIFIER = gerrardApps.VegMeal;
				PRODUCT_NAME = VegMeal;
				SDKROOT = macosx;
				SWIFT_VERSION = 5.0;
			};
			name = Release;
		};
/* End XCBuildConfiguration section */

/* Begin XCConfigurationList section */
		35897EE824F011A800397A4C /* Build configuration list for PBXProject "VegMeal" */ = {
			isa = XCConfigurationList;
			buildConfigurations = (
				35897F0324F011A900397A4C /* Debug */,
				35897F0424F011A900397A4C /* Release */,
			);
			defaultConfigurationIsVisible = 0;
			defaultConfigurationName = Release;
		};
		35897F0524F011A900397A4C /* Build configuration list for PBXNativeTarget "VegMeal (iOS)" */ = {
			isa = XCConfigurationList;
			buildConfigurations = (
				35897F0624F011A900397A4C /* Debug */,
				35897F0724F011A900397A4C /* Release */,
			);
			defaultConfigurationIsVisible = 0;
			defaultConfigurationName = Release;
		};
		35897F0824F011A900397A4C /* Build configuration list for PBXNativeTarget "VegMeal (macOS)" */ = {
			isa = XCConfigurationList;
			buildConfigurations = (
				35897F0924F011A900397A4C /* Debug */,
				35897F0A24F011A900397A4C /* Release */,
			);
			defaultConfigurationIsVisible = 0;
			defaultConfigurationName = Release;
		};
/* End XCConfigurationList section */

/* Begin XCRemoteSwiftPackageReference section */
		35897F0B24F0125400397A4C /* XCRemoteSwiftPackageReference "apollo-ios" */ = {
			isa = XCRemoteSwiftPackageReference;
			repositoryURL = "https://github.com/apollographql/apollo-ios.git";
			requirement = {
				kind = upToNextMinorVersion;
				minimumVersion = 0.31.0;
			};
		};
		35BEEB132509368C003EAADD /* XCRemoteSwiftPackageReference "SDWebImageSwiftUI" */ = {
			isa = XCRemoteSwiftPackageReference;
			repositoryURL = "https://github.com/SDWebImage/SDWebImageSwiftUI.git";
			requirement = {
				kind = upToNextMajorVersion;
				minimumVersion = 1.5.0;
			};
		};
/* End XCRemoteSwiftPackageReference section */

/* Begin XCSwiftPackageProductDependency section */
		35897F0C24F0125400397A4C /* Apollo */ = {
			isa = XCSwiftPackageProductDependency;
			package = 35897F0B24F0125400397A4C /* XCRemoteSwiftPackageReference "apollo-ios" */;
			productName = Apollo;
		};
		35BEEB142509368C003EAADD /* SDWebImageSwiftUI */ = {
			isa = XCSwiftPackageProductDependency;
			package = 35BEEB132509368C003EAADD /* XCRemoteSwiftPackageReference "SDWebImageSwiftUI" */;
			productName = SDWebImageSwiftUI;
		};
/* End XCSwiftPackageProductDependency section */
	};
	rootObject = 35897EE524F011A800397A4C /* Project object */;
}
